
Microsoft Visual Studio Solution File, Format Version 12.00
# Visual Studio Version 17
VisualStudioVersion = 17.3.32929.385
MinimumVisualStudioVersion = 10.0.40219.1
Project("{FAE04EC0-301F-11D3-BF4B-00C04F79EFBC}") = "Fajlovi", "Fajlovi\Fajlovi.csproj", "{BC61E333-CD14-4818-B184-04064FA1D9F1}"
EndProject
Global
	GlobalSection(SolutionConfigurationPlatforms) = preSolution
		Debug|Any CPU = Debug|Any CPU
		Release|Any CPU = Release|Any CPU
	EndGlobalSection
	GlobalSection(ProjectConfigurationPlatforms) = postSolution
		{BC61E333-CD14-4818-B184-04064FA1D9F1}.Debug|Any CPU.ActiveCfg = Debug|Any CPU
		{BC61E333-CD14-4818-B184-04064FA1D9F1}.Debug|Any CPU.Build.0 = Debug|Any CPU
		{BC61E333-CD14-4818-B184-04064FA1D9F1}.Release|Any CPU.ActiveCfg = Release|Any CPU
		{BC61E333-CD14-4818-B184-04064FA1D9F1}.Release|Any CPU.Build.0 = Release|Any CPU
	EndGlobalSection
	GlobalSection(SolutionProperties) = preSolution
		HideSolutionNode = FALSE
	EndGlobalSection
	GlobalSection(ExtensibilityGlobals) = postSolution
		SolutionGuid = {49012E31-B20C-4522-A494-417C0EC85308}
	EndGlobalSection
EndGlobal
