
Microsoft Visual Studio Solution File, Format Version 12.00
# Visual Studio Version 17
VisualStudioVersion = 17.3.32922.545
MinimumVisualStudioVersion = 10.0.40219.1
Project("{FAE04EC0-301F-11D3-BF4B-00C04F79EFBC}") = "adocom", "adocom.csproj", "{31B8B3B4-AE86-4E0B-A3DF-49C09FA073C8}"
EndProject
Global
	GlobalSection(SolutionConfigurationPlatforms) = preSolution
		Debug|Any CPU = Debug|Any CPU
		Release|Any CPU = Release|Any CPU
	EndGlobalSection
	GlobalSection(ProjectConfigurationPlatforms) = postSolution
		{31B8B3B4-AE86-4E0B-A3DF-49C09FA073C8}.Debug|Any CPU.ActiveCfg = Debug|Any CPU
		{31B8B3B4-AE86-4E0B-A3DF-49C09FA073C8}.Debug|Any CPU.Build.0 = Debug|Any CPU
		{31B8B3B4-AE86-4E0B-A3DF-49C09FA073C8}.Release|Any CPU.ActiveCfg = Release|Any CPU
		{31B8B3B4-AE86-4E0B-A3DF-49C09FA073C8}.Release|Any CPU.Build.0 = Release|Any CPU
	EndGlobalSection
	GlobalSection(SolutionProperties) = preSolution
		HideSolutionNode = FALSE
	EndGlobalSection
	GlobalSection(ExtensibilityGlobals) = postSolution
		SolutionGuid = {E255A17C-B388-421A-8287-126136990FEC}
	EndGlobalSection
EndGlobal
