
Microsoft Visual Studio Solution File, Format Version 12.00
# Visual Studio Version 17
VisualStudioVersion = 17.4.33213.308
MinimumVisualStudioVersion = 10.0.40219.1
Project("{FAE04EC0-301F-11D3-BF4B-00C04F79EFBC}") = "Baza2Zad", "Baza2Zad.csproj", "{7AC5DF4B-6CE4-4B2A-A65A-687715640EA4}"
EndProject
Global
	GlobalSection(SolutionConfigurationPlatforms) = preSolution
		Debug|Any CPU = Debug|Any CPU
		Release|Any CPU = Release|Any CPU
	EndGlobalSection
	GlobalSection(ProjectConfigurationPlatforms) = postSolution
		{7AC5DF4B-6CE4-4B2A-A65A-687715640EA4}.Debug|Any CPU.ActiveCfg = Debug|Any CPU
		{7AC5DF4B-6CE4-4B2A-A65A-687715640EA4}.Debug|Any CPU.Build.0 = Debug|Any CPU
		{7AC5DF4B-6CE4-4B2A-A65A-687715640EA4}.Release|Any CPU.ActiveCfg = Release|Any CPU
		{7AC5DF4B-6CE4-4B2A-A65A-687715640EA4}.Release|Any CPU.Build.0 = Release|Any CPU
	EndGlobalSection
	GlobalSection(SolutionProperties) = preSolution
		HideSolutionNode = FALSE
	EndGlobalSection
	GlobalSection(ExtensibilityGlobals) = postSolution
		SolutionGuid = {F9470B33-4D17-4D5F-BB81-37368FF25BAC}
	EndGlobalSection
EndGlobal
