
Microsoft Visual Studio Solution File, Format Version 12.00
# Visual Studio 15
VisualStudioVersion = 15.0.28307.1684
MinimumVisualStudioVersion = 10.0.40219.1
Project("{FAE04EC0-301F-11D3-BF4B-00C04F79EFBC}") = "upload3", "upload3\upload3.csproj", "{6C2F9720-7AD6-4EFB-BE7A-EE6843AD6FAB}"
EndProject
Global
	GlobalSection(SolutionConfigurationPlatforms) = preSolution
		Debug|Any CPU = Debug|Any CPU
		Release|Any CPU = Release|Any CPU
	EndGlobalSection
	GlobalSection(ProjectConfigurationPlatforms) = postSolution
		{6C2F9720-7AD6-4EFB-BE7A-EE6843AD6FAB}.Debug|Any CPU.ActiveCfg = Debug|Any CPU
		{6C2F9720-7AD6-4EFB-BE7A-EE6843AD6FAB}.Debug|Any CPU.Build.0 = Debug|Any CPU
		{6C2F9720-7AD6-4EFB-BE7A-EE6843AD6FAB}.Release|Any CPU.ActiveCfg = Release|Any CPU
		{6C2F9720-7AD6-4EFB-BE7A-EE6843AD6FAB}.Release|Any CPU.Build.0 = Release|Any CPU
	EndGlobalSection
	GlobalSection(SolutionProperties) = preSolution
		HideSolutionNode = FALSE
	EndGlobalSection
	GlobalSection(ExtensibilityGlobals) = postSolution
		SolutionGuid = {D29A989D-3D7F-43FE-8502-33AE67ADDFE7}
	EndGlobalSection
EndGlobal
