
Microsoft Visual Studio Solution File, Format Version 12.00
# Visual Studio Version 17
VisualStudioVersion = 17.3.32922.545
MinimumVisualStudioVersion = 10.0.40219.1
Project("{FAE04EC0-301F-11D3-BF4B-00C04F79EFBC}") = "StudentiChart", "StudentiChart.csproj", "{A9F54DCE-6AB8-4CB3-A770-C2538D67E57C}"
EndProject
Global
	GlobalSection(SolutionConfigurationPlatforms) = preSolution
		Debug|Any CPU = Debug|Any CPU
		Release|Any CPU = Release|Any CPU
	EndGlobalSection
	GlobalSection(ProjectConfigurationPlatforms) = postSolution
		{A9F54DCE-6AB8-4CB3-A770-C2538D67E57C}.Debug|Any CPU.ActiveCfg = Debug|Any CPU
		{A9F54DCE-6AB8-4CB3-A770-C2538D67E57C}.Debug|Any CPU.Build.0 = Debug|Any CPU
		{A9F54DCE-6AB8-4CB3-A770-C2538D67E57C}.Release|Any CPU.ActiveCfg = Release|Any CPU
		{A9F54DCE-6AB8-4CB3-A770-C2538D67E57C}.Release|Any CPU.Build.0 = Release|Any CPU
	EndGlobalSection
	GlobalSection(SolutionProperties) = preSolution
		HideSolutionNode = FALSE
	EndGlobalSection
	GlobalSection(ExtensibilityGlobals) = postSolution
		SolutionGuid = {44D9B727-0252-4B41-96BD-490B53A2ED4D}
	EndGlobalSection
EndGlobal
