
Microsoft Visual Studio Solution File, Format Version 12.00
# Visual Studio Version 16
VisualStudioVersion = 16.0.29009.5
MinimumVisualStudioVersion = 10.0.40219.1
Project("{FAE04EC0-301F-11D3-BF4B-00C04F79EFBC}") = "slajder_za_slike", "slajder_za_slike\slajder_za_slike.csproj", "{42AC39FB-8F91-4FB9-A91D-AAF0C0624E27}"
EndProject
Global
	GlobalSection(SolutionConfigurationPlatforms) = preSolution
		Debug|Any CPU = Debug|Any CPU
		Release|Any CPU = Release|Any CPU
	EndGlobalSection
	GlobalSection(ProjectConfigurationPlatforms) = postSolution
		{42AC39FB-8F91-4FB9-A91D-AAF0C0624E27}.Debug|Any CPU.ActiveCfg = Debug|Any CPU
		{42AC39FB-8F91-4FB9-A91D-AAF0C0624E27}.Debug|Any CPU.Build.0 = Debug|Any CPU
		{42AC39FB-8F91-4FB9-A91D-AAF0C0624E27}.Release|Any CPU.ActiveCfg = Release|Any CPU
		{42AC39FB-8F91-4FB9-A91D-AAF0C0624E27}.Release|Any CPU.Build.0 = Release|Any CPU
	EndGlobalSection
	GlobalSection(SolutionProperties) = preSolution
		HideSolutionNode = FALSE
	EndGlobalSection
	GlobalSection(ExtensibilityGlobals) = postSolution
		SolutionGuid = {C3CEF138-FB98-467E-AFBA-65C9615AAE23}
	EndGlobalSection
EndGlobal
