
Microsoft Visual Studio Solution File, Format Version 12.00
# Visual Studio 15
VisualStudioVersion = 15.0.28307.1705
MinimumVisualStudioVersion = 10.0.40219.1
Project("{FAE04EC0-301F-11D3-BF4B-00C04F79EFBC}") = "slike2", "slike2\slike2.csproj", "{84D07842-2C53-49A2-AF0F-322810D241E7}"
EndProject
Global
	GlobalSection(SolutionConfigurationPlatforms) = preSolution
		Debug|Any CPU = Debug|Any CPU
		Release|Any CPU = Release|Any CPU
	EndGlobalSection
	GlobalSection(ProjectConfigurationPlatforms) = postSolution
		{84D07842-2C53-49A2-AF0F-322810D241E7}.Debug|Any CPU.ActiveCfg = Debug|Any CPU
		{84D07842-2C53-49A2-AF0F-322810D241E7}.Debug|Any CPU.Build.0 = Debug|Any CPU
		{84D07842-2C53-49A2-AF0F-322810D241E7}.Release|Any CPU.ActiveCfg = Release|Any CPU
		{84D07842-2C53-49A2-AF0F-322810D241E7}.Release|Any CPU.Build.0 = Release|Any CPU
	EndGlobalSection
	GlobalSection(SolutionProperties) = preSolution
		HideSolutionNode = FALSE
	EndGlobalSection
	GlobalSection(ExtensibilityGlobals) = postSolution
		SolutionGuid = {6F361418-12E1-420B-AE5C-EF4D5F454A4D}
	EndGlobalSection
EndGlobal
