
Microsoft Visual Studio Solution File, Format Version 12.00
# Visual Studio Version 17
VisualStudioVersion = 17.4.33213.308
MinimumVisualStudioVersion = 10.0.40219.1
Project("{FAE04EC0-301F-11D3-BF4B-00C04F79EFBC}") = "izrazi", "izrazi.csproj", "{398355C3-8641-4C2B-8B44-918F04FD8230}"
EndProject
Global
	GlobalSection(SolutionConfigurationPlatforms) = preSolution
		Debug|Any CPU = Debug|Any CPU
		Release|Any CPU = Release|Any CPU
	EndGlobalSection
	GlobalSection(ProjectConfigurationPlatforms) = postSolution
		{398355C3-8641-4C2B-8B44-918F04FD8230}.Debug|Any CPU.ActiveCfg = Debug|Any CPU
		{398355C3-8641-4C2B-8B44-918F04FD8230}.Debug|Any CPU.Build.0 = Debug|Any CPU
		{398355C3-8641-4C2B-8B44-918F04FD8230}.Release|Any CPU.ActiveCfg = Release|Any CPU
		{398355C3-8641-4C2B-8B44-918F04FD8230}.Release|Any CPU.Build.0 = Release|Any CPU
	EndGlobalSection
	GlobalSection(SolutionProperties) = preSolution
		HideSolutionNode = FALSE
	EndGlobalSection
	GlobalSection(ExtensibilityGlobals) = postSolution
		SolutionGuid = {BE7C5326-B2D8-431B-970C-97A3602D8957}
	EndGlobalSection
EndGlobal
