
Microsoft Visual Studio Solution File, Format Version 12.00
# Visual Studio Version 17
VisualStudioVersion = 17.3.32922.545
MinimumVisualStudioVersion = 10.0.40219.1
Project("{FAE04EC0-301F-11D3-BF4B-00C04F79EFBC}") = "StudentBaza", "StudentBaza.csproj", "{84BDAE41-3E45-452B-8E43-F03C20528A67}"
EndProject
Global
	GlobalSection(SolutionConfigurationPlatforms) = preSolution
		Debug|Any CPU = Debug|Any CPU
		Release|Any CPU = Release|Any CPU
	EndGlobalSection
	GlobalSection(ProjectConfigurationPlatforms) = postSolution
		{84BDAE41-3E45-452B-8E43-F03C20528A67}.Debug|Any CPU.ActiveCfg = Debug|Any CPU
		{84BDAE41-3E45-452B-8E43-F03C20528A67}.Debug|Any CPU.Build.0 = Debug|Any CPU
		{84BDAE41-3E45-452B-8E43-F03C20528A67}.Release|Any CPU.ActiveCfg = Release|Any CPU
		{84BDAE41-3E45-452B-8E43-F03C20528A67}.Release|Any CPU.Build.0 = Release|Any CPU
	EndGlobalSection
	GlobalSection(SolutionProperties) = preSolution
		HideSolutionNode = FALSE
	EndGlobalSection
	GlobalSection(ExtensibilityGlobals) = postSolution
		SolutionGuid = {CC8631D2-D745-4180-88B7-72CF3770D198}
	EndGlobalSection
EndGlobal
