
Microsoft Visual Studio Solution File, Format Version 12.00
# Visual Studio Version 17
VisualStudioVersion = 17.4.33213.308
MinimumVisualStudioVersion = 10.0.40219.1
Project("{FAE04EC0-301F-11D3-BF4B-00C04F79EFBC}") = "baze 5", "baze 5.csproj", "{442A48F2-AE73-471B-8703-5373F943DB8B}"
EndProject
Global
	GlobalSection(SolutionConfigurationPlatforms) = preSolution
		Debug|Any CPU = Debug|Any CPU
		Release|Any CPU = Release|Any CPU
	EndGlobalSection
	GlobalSection(ProjectConfigurationPlatforms) = postSolution
		{442A48F2-AE73-471B-8703-5373F943DB8B}.Debug|Any CPU.ActiveCfg = Debug|Any CPU
		{442A48F2-AE73-471B-8703-5373F943DB8B}.Debug|Any CPU.Build.0 = Debug|Any CPU
		{442A48F2-AE73-471B-8703-5373F943DB8B}.Release|Any CPU.ActiveCfg = Release|Any CPU
		{442A48F2-AE73-471B-8703-5373F943DB8B}.Release|Any CPU.Build.0 = Release|Any CPU
	EndGlobalSection
	GlobalSection(SolutionProperties) = preSolution
		HideSolutionNode = FALSE
	EndGlobalSection
	GlobalSection(ExtensibilityGlobals) = postSolution
		SolutionGuid = {321A0044-A721-4783-B7EC-F1FC89B4F441}
	EndGlobalSection
EndGlobal
