
Microsoft Visual Studio Solution File, Format Version 12.00
# Visual Studio Version 17
VisualStudioVersion = 17.4.33213.308
MinimumVisualStudioVersion = 10.0.40219.1
Project("{FAE04EC0-301F-11D3-BF4B-00C04F79EFBC}") = "WindowsFormsApp1", "WindowsFormsApp1.csproj", "{34BA4A04-C7DD-499D-9A5D-6E60705A056B}"
EndProject
Global
	GlobalSection(SolutionConfigurationPlatforms) = preSolution
		Debug|Any CPU = Debug|Any CPU
		Release|Any CPU = Release|Any CPU
	EndGlobalSection
	GlobalSection(ProjectConfigurationPlatforms) = postSolution
		{34BA4A04-C7DD-499D-9A5D-6E60705A056B}.Debug|Any CPU.ActiveCfg = Debug|Any CPU
		{34BA4A04-C7DD-499D-9A5D-6E60705A056B}.Debug|Any CPU.Build.0 = Debug|Any CPU
		{34BA4A04-C7DD-499D-9A5D-6E60705A056B}.Release|Any CPU.ActiveCfg = Release|Any CPU
		{34BA4A04-C7DD-499D-9A5D-6E60705A056B}.Release|Any CPU.Build.0 = Release|Any CPU
	EndGlobalSection
	GlobalSection(SolutionProperties) = preSolution
		HideSolutionNode = FALSE
	EndGlobalSection
	GlobalSection(ExtensibilityGlobals) = postSolution
		SolutionGuid = {FCAB72C2-07D6-4E41-AB5F-4829E6B37976}
	EndGlobalSection
EndGlobal
